
Microsoft Visual Studio Solution File, Format Version 12.00
Project("{FAE04EC0-301F-11D3-BF4B-00C04F79EFBC}") = "AutofixtureSandbox", "AutofixtureSandbox\AutofixtureSandbox.csproj", "{7C97371E-CDD9-497C-B5AA-94B6D8D168B4}"
EndProject
Project("{FAE04EC0-301F-11D3-BF4B-00C04F79EFBC}") = "SandboxTest", "SandboxTest\SandboxTest.csproj", "{8000D8FA-1860-407D-A21C-A50DC26F9CED}"
EndProject
Global
	GlobalSection(SolutionConfigurationPlatforms) = preSolution
		Debug|Any CPU = Debug|Any CPU
		Release|Any CPU = Release|Any CPU
	EndGlobalSection
	GlobalSection(ProjectConfigurationPlatforms) = postSolution
		{7C97371E-CDD9-497C-B5AA-94B6D8D168B4}.Debug|Any CPU.ActiveCfg = Debug|Any CPU
		{7C97371E-CDD9-497C-B5AA-94B6D8D168B4}.Debug|Any CPU.Build.0 = Debug|Any CPU
		{7C97371E-CDD9-497C-B5AA-94B6D8D168B4}.Release|Any CPU.ActiveCfg = Release|Any CPU
		{7C97371E-CDD9-497C-B5AA-94B6D8D168B4}.Release|Any CPU.Build.0 = Release|Any CPU
		{8000D8FA-1860-407D-A21C-A50DC26F9CED}.Debug|Any CPU.ActiveCfg = Debug|Any CPU
		{8000D8FA-1860-407D-A21C-A50DC26F9CED}.Debug|Any CPU.Build.0 = Debug|Any CPU
		{8000D8FA-1860-407D-A21C-A50DC26F9CED}.Release|Any CPU.ActiveCfg = Release|Any CPU
		{8000D8FA-1860-407D-A21C-A50DC26F9CED}.Release|Any CPU.Build.0 = Release|Any CPU
	EndGlobalSection
EndGlobal
